
Microsoft Visual Studio Solution File, Format Version 12.00
# Visual Studio Version 16
VisualStudioVersion = 16.0.29609.76
MinimumVisualStudioVersion = 10.0.40219.1
Project("{FAE04EC0-301F-11D3-BF4B-00C04F79EFBC}") = "WpfControlLibrary1", "WpfControlLibrary1\WpfControlLibrary1.csproj", "{C176FFB5-3A20-44F3-AA95-5A0BCAF7D890}"
EndProject
Global
	GlobalSection(SolutionConfigurationPlatforms) = preSolution
		Debug|Any CPU = Debug|Any CPU
		Release|Any CPU = Release|Any CPU
	EndGlobalSection
	GlobalSection(ProjectConfigurationPlatforms) = postSolution
		{C176FFB5-3A20-44F3-AA95-5A0BCAF7D890}.Debug|Any CPU.ActiveCfg = Debug|Any CPU
		{C176FFB5-3A20-44F3-AA95-5A0BCAF7D890}.Debug|Any CPU.Build.0 = Debug|Any CPU
		{C176FFB5-3A20-44F3-AA95-5A0BCAF7D890}.Release|Any CPU.ActiveCfg = Release|Any CPU
		{C176FFB5-3A20-44F3-AA95-5A0BCAF7D890}.Release|Any CPU.Build.0 = Release|Any CPU
	EndGlobalSection
	GlobalSection(SolutionProperties) = preSolution
		HideSolutionNode = FALSE
	EndGlobalSection
	GlobalSection(ExtensibilityGlobals) = postSolution
		SolutionGuid = {6E47DA4F-B168-4D4E-A99E-5B573AC8E49E}
	EndGlobalSection
EndGlobal
